
Microsoft Visual Studio Solution File, Format Version 12.00
# Visual Studio 2012
Project("{FAE04EC0-301F-11D3-BF4B-00C04F79EFBC}") = "RankingSystem", "RankingSystem\RankingSystem.csproj", "{AEE6006B-43F8-4585-A532-33ADCA023315}"
EndProject
Project("{FAE04EC0-301F-11D3-BF4B-00C04F79EFBC}") = "RankingSystem.Tests", "RankingSystem.Tests\RankingSystem.Tests.csproj", "{1B98DD1A-5081-424F-8B7E-237E15BC52A9}"
EndProject
Project("{2150E333-8FDC-42A3-9474-1A3956D46DE8}") = ".nuget", ".nuget", "{EA18E374-A9B3-4D1F-9C05-E6F4A20BCAEF}"
	ProjectSection(SolutionItems) = preProject
		.nuget\packages.config = .nuget\packages.config
	EndProjectSection
EndProject
Global
	GlobalSection(SolutionConfigurationPlatforms) = preSolution
		Debug|Any CPU = Debug|Any CPU
		Release|Any CPU = Release|Any CPU
	EndGlobalSection
	GlobalSection(ProjectConfigurationPlatforms) = postSolution
		{AEE6006B-43F8-4585-A532-33ADCA023315}.Debug|Any CPU.ActiveCfg = Debug|Any CPU
		{AEE6006B-43F8-4585-A532-33ADCA023315}.Debug|Any CPU.Build.0 = Debug|Any CPU
		{AEE6006B-43F8-4585-A532-33ADCA023315}.Release|Any CPU.ActiveCfg = Release|Any CPU
		{AEE6006B-43F8-4585-A532-33ADCA023315}.Release|Any CPU.Build.0 = Release|Any CPU
		{1B98DD1A-5081-424F-8B7E-237E15BC52A9}.Debug|Any CPU.ActiveCfg = Debug|Any CPU
		{1B98DD1A-5081-424F-8B7E-237E15BC52A9}.Debug|Any CPU.Build.0 = Debug|Any CPU
		{1B98DD1A-5081-424F-8B7E-237E15BC52A9}.Release|Any CPU.ActiveCfg = Release|Any CPU
		{1B98DD1A-5081-424F-8B7E-237E15BC52A9}.Release|Any CPU.Build.0 = Release|Any CPU
	EndGlobalSection
	GlobalSection(SolutionProperties) = preSolution
		HideSolutionNode = FALSE
	EndGlobalSection
EndGlobal
